
Microsoft Visual Studio Solution File, Format Version 11.00
# Visual Studio 2010 Express for Windows Phone
Project("{FAE04EC0-301F-11D3-BF4B-00C04F79EFBC}") = "ClearStyle", "ClearStyle\ClearStyle.csproj", "{B0CD690C-9462-4C3A-8E27-CB080B27366C}"
EndProject
Global
	GlobalSection(SolutionConfigurationPlatforms) = preSolution
		Debug|Any CPU = Debug|Any CPU
		Release|Any CPU = Release|Any CPU
	EndGlobalSection
	GlobalSection(ProjectConfigurationPlatforms) = postSolution
		{B0CD690C-9462-4C3A-8E27-CB080B27366C}.Debug|Any CPU.ActiveCfg = Debug|Any CPU
		{B0CD690C-9462-4C3A-8E27-CB080B27366C}.Debug|Any CPU.Build.0 = Debug|Any CPU
		{B0CD690C-9462-4C3A-8E27-CB080B27366C}.Debug|Any CPU.Deploy.0 = Debug|Any CPU
		{B0CD690C-9462-4C3A-8E27-CB080B27366C}.Release|Any CPU.ActiveCfg = Release|Any CPU
		{B0CD690C-9462-4C3A-8E27-CB080B27366C}.Release|Any CPU.Build.0 = Release|Any CPU
		{B0CD690C-9462-4C3A-8E27-CB080B27366C}.Release|Any CPU.Deploy.0 = Release|Any CPU
	EndGlobalSection
	GlobalSection(SolutionProperties) = preSolution
		HideSolutionNode = FALSE
	EndGlobalSection
EndGlobal
